
Microsoft Visual Studio Solution File, Format Version 12.00
# Visual Studio Version 16
VisualStudioVersion = 16.0.29025.244
MinimumVisualStudioVersion = 10.0.40219.1
Project("{FAE04EC0-301F-11D3-BF4B-00C04F79EFBC}") = "mirco-onda-test", "mirco-onda-test.csproj", "{E1FBD34E-62AA-4F48-B903-22CDC2D2DE83}"
EndProject
Global
	GlobalSection(SolutionConfigurationPlatforms) = preSolution
		Debug|Any CPU = Debug|Any CPU
		Release|Any CPU = Release|Any CPU
	EndGlobalSection
	GlobalSection(ProjectConfigurationPlatforms) = postSolution
		{E1FBD34E-62AA-4F48-B903-22CDC2D2DE83}.Debug|Any CPU.ActiveCfg = Debug|Any CPU
		{E1FBD34E-62AA-4F48-B903-22CDC2D2DE83}.Debug|Any CPU.Build.0 = Debug|Any CPU
		{E1FBD34E-62AA-4F48-B903-22CDC2D2DE83}.Release|Any CPU.ActiveCfg = Release|Any CPU
		{E1FBD34E-62AA-4F48-B903-22CDC2D2DE83}.Release|Any CPU.Build.0 = Release|Any CPU
	EndGlobalSection
	GlobalSection(SolutionProperties) = preSolution
		HideSolutionNode = FALSE
	EndGlobalSection
	GlobalSection(ExtensibilityGlobals) = postSolution
		SolutionGuid = {DE3AB9E3-3B36-420C-9749-02664C9DD0E0}
	EndGlobalSection
EndGlobal
